github.com/shoginn/wowchemy-widgets/widgets/instagram-behold v1.0.0 h1:QV3ruoIF7yMPVcSAz/r66VLt+0PzK7NqOKudK2eWrZ8=
github.com/shoginn/wowchemy-widgets/widgets/instagram-behold v1.0.0/go.mod h1:9JEyuZrLvn4YMPZFQYyj0+kSHzCemvrciqZEa6RUA+0=
github.com/shoginn/wowchemy-widgets/widgets/pricing-cards v1.0.0 h1:8GheY4wGtx9CC27KJQNptUl32D0+3qwdwH7f/Op6O2w=
github.com/shoginn/wowchemy-widgets/widgets/pricing-cards v1.0.0/go.mod h1:cOBKgpVHWvBKFrZZEOATOstdFTnaQuQXfMvvMNtYUL4=
github.com/wowchemy/wowchemy-hugo-themes/modules/wowchemy-core v0.1.0/go.mod h1:kJwI9H8dicHQCnP8G9EvUDI+oNg/yXcGsjGjwjXuM8I=
github.com/wowchemy/wowchemy-hugo-themes/modules/wowchemy-plugin-netlify v1.0.1-0.20220902185804-1fe36f537464 h1:CMjL65RSf/0gN4BOGq2Sv4oZHcw0hvAWgAZsyu1Iji4=
github.com/wowchemy/wowchemy-hugo-themes/modules/wowchemy-plugin-netlify v1.0.1-0.20220902185804-1fe36f537464/go.mod h1:s40UgLsWfVyCLQ2F4F3dBcNfZOXcPGld7KxsKhZdzvM=
github.com/wowchemy/wowchemy-hugo-themes/modules/wowchemy-plugin-netlify v1.0.1-0.20220907214454-c36731acb3dc h1:Se0yN4hVW7oNiyZi+mUcx3MkRYZxcpGs5IANY8fx6nU=
github.com/wowchemy/wowchemy-hugo-themes/modules/wowchemy-plugin-netlify v1.0.1-0.20220907214454-c36731acb3dc/go.mod h1:s40UgLsWfVyCLQ2F4F3dBcNfZOXcPGld7KxsKhZdzvM=
github.com/wowchemy/wowchemy-hugo-themes/modules/wowchemy-seo v0.1.0/go.mod h1:R01vz++1i/KR2n00aWGcs6m/L7ky1klbrpqA2KXjMCk=
github.com/wowchemy/wowchemy-hugo-themes/modules/wowchemy/v5 v5.6.1-0.20220902185804-1fe36f537464 h1:7AoUo1UpjGhlncPyn0qTMSZ+uJ0Z+ZF7XPhi/aCMRng=
github.com/wowchemy/wowchemy-hugo-themes/modules/wowchemy/v5 v5.6.1-0.20220902185804-1fe36f537464/go.mod h1:EfRfz/zhkliLPRWYdXRatho64juF3EFaJnciCi5YzwA=
github.com/wowchemy/wowchemy-hugo-themes/modules/wowchemy/v5 v5.6.1-0.20220907214454-c36731acb3dc h1:n+l8zQtEFqV89eDcni2VoOaUl76e1E22GSmDlY14vrE=
github.com/wowchemy/wowchemy-hugo-themes/modules/wowchemy/v5 v5.6.1-0.20220907214454-c36731acb3dc/go.mod h1:pxtkh2Fw4Vdwh2NvIYpCqhR0g7MgwVAxFN1lW9Rep44=
