github.com/shoginn/wowchemy-block-instagram-behold/v3 v3.0.1 h1:nn6kfqOcl04f87tZUFcrcfF/Gc3VXKARS+NDfirEc4M=
github.com/shoginn/wowchemy-block-instagram-behold/v3 v3.0.1/go.mod h1:V81HFJKvZAkAX+aBZQHEnkhBv8UwU36CGGrWwK+h+KE=
github.com/shoginn/wowchemy-block-pricing-cards v1.0.0 h1:QlNLMQMpGkNs2tetHLoz8DobUpVe2ymcJ8JUdjliXBQ=
github.com/shoginn/wowchemy-block-pricing-cards v1.0.0/go.mod h1:7aAzZk9X5SXwGuZcW7zE80gK3P1mmYHdADqoz5tGr4w=
github.com/wowchemy/wowchemy-hugo-themes/modules/wowchemy-bootstrap/v5 v5.9.3 h1:GU0CCXbXSK+V+5Inufwz4DjuVk2DIWVLHxNlhzzl5Ck=
github.com/wowchemy/wowchemy-hugo-themes/modules/wowchemy-bootstrap/v5 v5.9.3/go.mod h1:gDiL2ik/lCO0iZFwnbQfxXQcLjxIVVumDAAk7HtzQSU=
github.com/wowchemy/wowchemy-hugo-themes/modules/wowchemy-core v0.2.1-0.20231101183355-53a94b591ea8/go.mod h1:kJwI9H8dicHQCnP8G9EvUDI+oNg/yXcGsjGjwjXuM8I=
github.com/wowchemy/wowchemy-hugo-themes/modules/wowchemy-core v0.2.1-0.20231101183733-7b61e2f369e6/go.mod h1:kJwI9H8dicHQCnP8G9EvUDI+oNg/yXcGsjGjwjXuM8I=
github.com/wowchemy/wowchemy-hugo-themes/modules/wowchemy-core v0.3.0 h1:O1bMsWXnd9eu8Am5KZWKRiUvroyOa0ZY0znikS/d38Q=
github.com/wowchemy/wowchemy-hugo-themes/modules/wowchemy-core v0.3.0/go.mod h1:kJwI9H8dicHQCnP8G9EvUDI+oNg/yXcGsjGjwjXuM8I=
github.com/wowchemy/wowchemy-hugo-themes/modules/wowchemy-plugin-netlify v1.1.0 h1:I0ZJdoU4iGXbrNdIk5alwUZJhb8FABh2e7grpX6ACAU=
github.com/wowchemy/wowchemy-hugo-themes/modules/wowchemy-plugin-netlify v1.1.0/go.mod h1:s40UgLsWfVyCLQ2F4F3dBcNfZOXcPGld7KxsKhZdzvM=
github.com/wowchemy/wowchemy-hugo-themes/modules/wowchemy-seo v0.1.1-0.20231101183733-7b61e2f369e6/go.mod h1:ecSfomc5wqJSsZb+WuOJGMqCDxONsooRuWmIObTOpR0=
github.com/wowchemy/wowchemy-hugo-themes/modules/wowchemy-seo v0.2.0 h1:7mhT9lnbCxbgCbeyLvEAojDXEb3w0kJ05wTgneVXQyk=
github.com/wowchemy/wowchemy-hugo-themes/modules/wowchemy-seo v0.2.0/go.mod h1:ecSfomc5wqJSsZb+WuOJGMqCDxONsooRuWmIObTOpR0=
